
Microsoft Visual Studio Solution File, Format Version 12.00
# Visual Studio Version 17
VisualStudioVersion = 17.9.34902.65
MinimumVisualStudioVersion = 10.0.40219.1
Project("{FAE04EC0-301F-11D3-BF4B-00C04F79EFBC}") = "CTC_SDK_Demo", "CTC_SDK_Demo.csproj", "{5196E4B0-A27C-48C9-8263-42C7B46F5DCF}"
EndProject
Global
	GlobalSection(SolutionConfigurationPlatforms) = preSolution
		Debug|Any CPU = Debug|Any CPU
		Release|Any CPU = Release|Any CPU
	EndGlobalSection
	GlobalSection(ProjectConfigurationPlatforms) = postSolution
		{5196E4B0-A27C-48C9-8263-42C7B46F5DCF}.Debug|Any CPU.ActiveCfg = Debug|Any CPU
		{5196E4B0-A27C-48C9-8263-42C7B46F5DCF}.Debug|Any CPU.Build.0 = Debug|Any CPU
		{5196E4B0-A27C-48C9-8263-42C7B46F5DCF}.Release|Any CPU.ActiveCfg = Release|Any CPU
		{5196E4B0-A27C-48C9-8263-42C7B46F5DCF}.Release|Any CPU.Build.0 = Release|Any CPU
	EndGlobalSection
	GlobalSection(SolutionProperties) = preSolution
		HideSolutionNode = FALSE
	EndGlobalSection
	GlobalSection(ExtensibilityGlobals) = postSolution
		SolutionGuid = {B86FF30E-A053-44EE-8A0F-D5DBB3490659}
	EndGlobalSection
EndGlobal
